
Microsoft Visual Studio Solution File, Format Version 12.00
# Visual Studio Version 17
VisualStudioVersion = 17.14.36121.58
MinimumVisualStudioVersion = 10.0.40219.1
Project("{FAE04EC0-301F-11D3-BF4B-00C04F79EFBC}") = "IntroductionToDOTNET", "IntroductionToDOTNET\IntroductionToDOTNET.csproj", "{007BFA19-1746-4963-8412-A0697E70C50E}"
EndProject
Project("{FAE04EC0-301F-11D3-BF4B-00C04F79EFBC}") = "DataTypes", "DataTypes\DataTypes.csproj", "{910BB507-D75C-4BAF-9331-541988F313C3}"
EndProject
Project("{FAE04EC0-301F-11D3-BF4B-00C04F79EFBC}") = "Arrays", "Arrays\Arrays.csproj", "{6B595460-C160-4D05-99AD-AEAC0C77A984}"
EndProject
Project("{FAE04EC0-301F-11D3-BF4B-00C04F79EFBC}") = "Game", "Game\Game.csproj", "{E0C98BF4-549E-4044-8BC3-52DD77FB9E90}"
EndProject
Project("{FAE04EC0-301F-11D3-BF4B-00C04F79EFBC}") = "Calc", "Calc\Calc.csproj", "{7F889F77-4D5E-493F-A600-448339B9F045}"
EndProject
Global
	GlobalSection(SolutionConfigurationPlatforms) = preSolution
		Debug|Any CPU = Debug|Any CPU
		Release|Any CPU = Release|Any CPU
	EndGlobalSection
	GlobalSection(ProjectConfigurationPlatforms) = postSolution
		{007BFA19-1746-4963-8412-A0697E70C50E}.Debug|Any CPU.ActiveCfg = Debug|Any CPU
		{007BFA19-1746-4963-8412-A0697E70C50E}.Debug|Any CPU.Build.0 = Debug|Any CPU
		{007BFA19-1746-4963-8412-A0697E70C50E}.Release|Any CPU.ActiveCfg = Release|Any CPU
		{007BFA19-1746-4963-8412-A0697E70C50E}.Release|Any CPU.Build.0 = Release|Any CPU
		{910BB507-D75C-4BAF-9331-541988F313C3}.Debug|Any CPU.ActiveCfg = Debug|Any CPU
		{910BB507-D75C-4BAF-9331-541988F313C3}.Debug|Any CPU.Build.0 = Debug|Any CPU
		{910BB507-D75C-4BAF-9331-541988F313C3}.Release|Any CPU.ActiveCfg = Release|Any CPU
		{910BB507-D75C-4BAF-9331-541988F313C3}.Release|Any CPU.Build.0 = Release|Any CPU
		{6B595460-C160-4D05-99AD-AEAC0C77A984}.Debug|Any CPU.ActiveCfg = Debug|Any CPU
		{6B595460-C160-4D05-99AD-AEAC0C77A984}.Debug|Any CPU.Build.0 = Debug|Any CPU
		{6B595460-C160-4D05-99AD-AEAC0C77A984}.Release|Any CPU.ActiveCfg = Release|Any CPU
		{6B595460-C160-4D05-99AD-AEAC0C77A984}.Release|Any CPU.Build.0 = Release|Any CPU
		{E0C98BF4-549E-4044-8BC3-52DD77FB9E90}.Debug|Any CPU.ActiveCfg = Debug|Any CPU
		{E0C98BF4-549E-4044-8BC3-52DD77FB9E90}.Debug|Any CPU.Build.0 = Debug|Any CPU
		{E0C98BF4-549E-4044-8BC3-52DD77FB9E90}.Release|Any CPU.ActiveCfg = Release|Any CPU
		{E0C98BF4-549E-4044-8BC3-52DD77FB9E90}.Release|Any CPU.Build.0 = Release|Any CPU
		{7F889F77-4D5E-493F-A600-448339B9F045}.Debug|Any CPU.ActiveCfg = Debug|Any CPU
		{7F889F77-4D5E-493F-A600-448339B9F045}.Debug|Any CPU.Build.0 = Debug|Any CPU
		{7F889F77-4D5E-493F-A600-448339B9F045}.Release|Any CPU.ActiveCfg = Release|Any CPU
		{7F889F77-4D5E-493F-A600-448339B9F045}.Release|Any CPU.Build.0 = Release|Any CPU
	EndGlobalSection
	GlobalSection(SolutionProperties) = preSolution
		HideSolutionNode = FALSE
	EndGlobalSection
	GlobalSection(ExtensibilityGlobals) = postSolution
		SolutionGuid = {3E8FA989-C40D-4495-8C7C-67CE891709A4}
	EndGlobalSection
EndGlobal
